
Microsoft Visual Studio Solution File, Format Version 12.00
# Visual Studio Version 17
VisualStudioVersion = 17.3.32929.385
MinimumVisualStudioVersion = 10.0.40219.1
Project("{9A19103F-16F7-4668-BE54-9A1E7A4F7556}") = "SFA.DAS.AAN.Hub.Api", "SFA.DAS.AAN.Hub.Api\SFA.DAS.AAN.Hub.Api.csproj", "{5D99EED1-8485-4449-AADF-70983163543E}"
EndProject
Project("{00D1A9C2-B5F0-4AF3-8072-F6C62B433612}") = "SFA.DAS.AAN.Hub.Database", "SFA.DAS.AAN.Hub.Database\SFA.DAS.AAN.Hub.Database.sqlproj", "{30ADF3A6-0B05-4C38-AA10-AC911E3DEA6F}"
EndProject
Global
	GlobalSection(SolutionConfigurationPlatforms) = preSolution
		Debug|Any CPU = Debug|Any CPU
		Release|Any CPU = Release|Any CPU
	EndGlobalSection
	GlobalSection(ProjectConfigurationPlatforms) = postSolution
		{5D99EED1-8485-4449-AADF-70983163543E}.Debug|Any CPU.ActiveCfg = Debug|Any CPU
		{5D99EED1-8485-4449-AADF-70983163543E}.Debug|Any CPU.Build.0 = Debug|Any CPU
		{5D99EED1-8485-4449-AADF-70983163543E}.Release|Any CPU.ActiveCfg = Release|Any CPU
		{5D99EED1-8485-4449-AADF-70983163543E}.Release|Any CPU.Build.0 = Release|Any CPU
		{30ADF3A6-0B05-4C38-AA10-AC911E3DEA6F}.Debug|Any CPU.ActiveCfg = Debug|Any CPU
		{30ADF3A6-0B05-4C38-AA10-AC911E3DEA6F}.Debug|Any CPU.Build.0 = Debug|Any CPU
		{30ADF3A6-0B05-4C38-AA10-AC911E3DEA6F}.Debug|Any CPU.Deploy.0 = Debug|Any CPU
		{30ADF3A6-0B05-4C38-AA10-AC911E3DEA6F}.Release|Any CPU.ActiveCfg = Release|Any CPU
		{30ADF3A6-0B05-4C38-AA10-AC911E3DEA6F}.Release|Any CPU.Build.0 = Release|Any CPU
		{30ADF3A6-0B05-4C38-AA10-AC911E3DEA6F}.Release|Any CPU.Deploy.0 = Release|Any CPU
	EndGlobalSection
	GlobalSection(SolutionProperties) = preSolution
		HideSolutionNode = FALSE
	EndGlobalSection
	GlobalSection(ExtensibilityGlobals) = postSolution
		SolutionGuid = {3EE5F86F-9329-412E-93CB-C1E461DC822A}
	EndGlobalSection
EndGlobal
